
Microsoft Visual Studio Solution File, Format Version 12.00
# Visual Studio Version 17
VisualStudioVersion = 17.9.34902.65
MinimumVisualStudioVersion = 10.0.40219.1
Project("{FAE04EC0-301F-11D3-BF4B-00C04F79EFBC}") = "AssetsAPIMiguelCastro.", "..\AssetsAPIMiguelCastro\AssetsAPIMiguelCastro\AssetsAPIMiguelCastro..csproj", "{396C7CCF-D099-4FD4-BF2E-CEE8F0E4EFD1}"
EndProject
Global
	GlobalSection(SolutionConfigurationPlatforms) = preSolution
		Debug|Any CPU = Debug|Any CPU
		Release|Any CPU = Release|Any CPU
	EndGlobalSection
	GlobalSection(ProjectConfigurationPlatforms) = postSolution
		{396C7CCF-D099-4FD4-BF2E-CEE8F0E4EFD1}.Debug|Any CPU.ActiveCfg = Debug|Any CPU
		{396C7CCF-D099-4FD4-BF2E-CEE8F0E4EFD1}.Debug|Any CPU.Build.0 = Debug|Any CPU
		{396C7CCF-D099-4FD4-BF2E-CEE8F0E4EFD1}.Release|Any CPU.ActiveCfg = Release|Any CPU
		{396C7CCF-D099-4FD4-BF2E-CEE8F0E4EFD1}.Release|Any CPU.Build.0 = Release|Any CPU
	EndGlobalSection
	GlobalSection(SolutionProperties) = preSolution
		HideSolutionNode = FALSE
	EndGlobalSection
	GlobalSection(ExtensibilityGlobals) = postSolution
		SolutionGuid = {66FE676B-6CD7-49DB-B479-363A36465DC4}
	EndGlobalSection
EndGlobal
